
Microsoft Visual Studio Solution File, Format Version 12.00
# Visual Studio Version 16
VisualStudioVersion = 16.0.30114.105
MinimumVisualStudioVersion = 10.0.40219.1
Project("{FAE04EC0-301F-11D3-BF4B-00C04F79EFBC}") = "NCoreUtils.Data.Protocol.Abstractions", "NCoreUtils.Data.Protocol.Abstractions\NCoreUtils.Data.Protocol.Abstractions.csproj", "{9843CC32-E3ED-4B49-9955-E90A19102B62}"
EndProject
Project("{FAE04EC0-301F-11D3-BF4B-00C04F79EFBC}") = "NCoreUtils.Data.Protocol.Grammar", "NCoreUtils.Data.Protocol.Grammar\NCoreUtils.Data.Protocol.Grammar.csproj", "{FCB6D775-098B-419D-B33E-9E4BF966EAB6}"
EndProject
Project("{FAE04EC0-301F-11D3-BF4B-00C04F79EFBC}") = "NCoreUtils.Data.Protocol.Antlr4", "NCoreUtils.Data.Protocol.Antlr4\NCoreUtils.Data.Protocol.Antlr4.csproj", "{2C33C8F9-49D7-4A00-B492-50F00E788A31}"
EndProject
Project("{FAE04EC0-301F-11D3-BF4B-00C04F79EFBC}") = "NCoreUtils.Data.Protocol.Functions.Abstractions", "NCoreUtils.Data.Protocol.Functions.Abstractions\NCoreUtils.Data.Protocol.Functions.Abstractions.csproj", "{DCB345BE-3787-419F-8290-988AD87C33A0}"
EndProject
Project("{FAE04EC0-301F-11D3-BF4B-00C04F79EFBC}") = "NCoreUtils.Data.Protocol.TypeInference.Abstractions", "NCoreUtils.Data.Protocol.TypeInference.Abstractions\NCoreUtils.Data.Protocol.TypeInference.Abstractions.csproj", "{C2D54998-6CCE-4988-B534-034AAE0A418E}"
EndProject
Project("{FAE04EC0-301F-11D3-BF4B-00C04F79EFBC}") = "NCoreUtils.Data.Protocol.TypeInference", "NCoreUtils.Data.Protocol.TypeInference\NCoreUtils.Data.Protocol.TypeInference.csproj", "{7C85E3DA-315E-42E6-9ADC-6AA4B5F3B639}"
EndProject
Project("{FAE04EC0-301F-11D3-BF4B-00C04F79EFBC}") = "NCoreUtils.Data.Protocol", "NCoreUtils.Data.Protocol\NCoreUtils.Data.Protocol.csproj", "{FBDBF131-95F1-4B22-A760-5E6FD3B7CFCA}"
EndProject
Project("{FAE04EC0-301F-11D3-BF4B-00C04F79EFBC}") = "NCoreUtils.Data.Protocol.Functions", "NCoreUtils.Data.Protocol.Functions\NCoreUtils.Data.Protocol.Functions.csproj", "{4EEB3304-B311-4B1C-A5C7-C1AF4FA4D2B0}"
EndProject
Project("{FAE04EC0-301F-11D3-BF4B-00C04F79EFBC}") = "NCoreUtils.Data.Protocol.TrimCheck", "NCoreUtils.Data.Protocol.TrimCheck\NCoreUtils.Data.Protocol.TrimCheck.csproj", "{BA384351-294F-4C73-99E9-A6FA9F742FB6}"
EndProject
Project("{FAE04EC0-301F-11D3-BF4B-00C04F79EFBC}") = "NCoreUtils.Data.Protocol.Unit", "NCoreUtils.Data.Protocol.Unit\NCoreUtils.Data.Protocol.Unit.csproj", "{1CFEC8B9-AF20-4357-AB96-1286E86CD586}"
EndProject
Project("{FAE04EC0-301F-11D3-BF4B-00C04F79EFBC}") = "NCoreUtils.Data.Protocol.Reflection.Common", "NCoreUtils.Data.Protocol.Reflection.Common\NCoreUtils.Data.Protocol.Reflection.Common.csproj", "{96FC7AF5-74E5-458A-BCF2-EDA28ED1A946}"
EndProject
Project("{FAE04EC0-301F-11D3-BF4B-00C04F79EFBC}") = "NCoreUtils.Data.Protocol.Portable.Common", "NCoreUtils.Data.Protocol.Portable.Common\NCoreUtils.Data.Protocol.Portable.Common.csproj", "{A1D7CA45-3CE7-4B46-9A60-18DEA3232A2B}"
EndProject
Project("{FAE04EC0-301F-11D3-BF4B-00C04F79EFBC}") = "NCoreUtils.Data.Protocol.Portable.Generator", "NCoreUtils.Data.Protocol.Portable.Generator\NCoreUtils.Data.Protocol.Portable.Generator.csproj", "{27D5CD76-91E0-4553-9747-4CA0E09CCE67}"
EndProject
Project("{FAE04EC0-301F-11D3-BF4B-00C04F79EFBC}") = "NCoreUtils.Data.Protocol.Portable.Generator.Internal", "NCoreUtils.Data.Protocol.Portable.Generator.Internal\NCoreUtils.Data.Protocol.Portable.Generator.Internal.csproj", "{F48626C0-92F5-4B3D-ADB1-00CA2F1EBD50}"
EndProject
Project("{FAE04EC0-301F-11D3-BF4B-00C04F79EFBC}") = "NCoreUtils.Data.Protocol.Server.Common", "NCoreUtils.Data.Protocol.Server.Common\NCoreUtils.Data.Protocol.Server.Common.csproj", "{F3B3801D-308C-4540-A336-74DF9F602DC5}"
EndProject
Project("{FAE04EC0-301F-11D3-BF4B-00C04F79EFBC}") = "NCoreUtils.Data.Protocol.Server.Portable", "NCoreUtils.Data.Protocol.Server.Portable\NCoreUtils.Data.Protocol.Server.Portable.csproj", "{F9A82AB2-3DAE-4598-9A3B-A9D0B3ECFA57}"
EndProject
Project("{FAE04EC0-301F-11D3-BF4B-00C04F79EFBC}") = "NCoreUtils.Data.Protocol.Server", "NCoreUtils.Data.Protocol.Server\NCoreUtils.Data.Protocol.Server.csproj", "{A29CD35B-5396-49F2-B2CB-47AB762BE2E6}"
EndProject
Project("{FAE04EC0-301F-11D3-BF4B-00C04F79EFBC}") = "NCoreUtils.Data.Protocol.Client.Common", "NCoreUtils.Data.Protocol.Client.Common\NCoreUtils.Data.Protocol.Client.Common.csproj", "{C49D295F-1BB0-4011-9F30-A4B97241DD62}"
EndProject
Project("{FAE04EC0-301F-11D3-BF4B-00C04F79EFBC}") = "NCoreUtils.Data.Protocol.Client.Portable", "NCoreUtils.Data.Protocol.Client.Portable\NCoreUtils.Data.Protocol.Client.Portable.csproj", "{CCB0E9EF-F0EB-48E0-ACE2-88688761DD48}"
EndProject
Project("{FAE04EC0-301F-11D3-BF4B-00C04F79EFBC}") = "NCoreUtils.Data.Protocol.Client", "NCoreUtils.Data.Protocol.Client\NCoreUtils.Data.Protocol.Client.csproj", "{686B6B9F-31EC-46D5-8DD5-FF38A7588A1E}"
EndProject
Project("{FAE04EC0-301F-11D3-BF4B-00C04F79EFBC}") = "NCoreUtils.Data.Protocol.Portable", "NCoreUtils.Data.Protocol.Portable\NCoreUtils.Data.Protocol.Portable.csproj", "{3C08EB9F-F81E-4F32-B122-4E25E1F7AF37}"
EndProject
Global
	GlobalSection(SolutionConfigurationPlatforms) = preSolution
		Debug|Any CPU = Debug|Any CPU
		Release|Any CPU = Release|Any CPU
	EndGlobalSection
	GlobalSection(SolutionProperties) = preSolution
		HideSolutionNode = FALSE
	EndGlobalSection
	GlobalSection(ProjectConfigurationPlatforms) = postSolution
		{9843CC32-E3ED-4B49-9955-E90A19102B62}.Debug|Any CPU.ActiveCfg = Debug|Any CPU
		{9843CC32-E3ED-4B49-9955-E90A19102B62}.Debug|Any CPU.Build.0 = Debug|Any CPU
		{9843CC32-E3ED-4B49-9955-E90A19102B62}.Release|Any CPU.ActiveCfg = Release|Any CPU
		{9843CC32-E3ED-4B49-9955-E90A19102B62}.Release|Any CPU.Build.0 = Release|Any CPU
		{FCB6D775-098B-419D-B33E-9E4BF966EAB6}.Debug|Any CPU.ActiveCfg = Debug|Any CPU
		{FCB6D775-098B-419D-B33E-9E4BF966EAB6}.Debug|Any CPU.Build.0 = Debug|Any CPU
		{FCB6D775-098B-419D-B33E-9E4BF966EAB6}.Release|Any CPU.ActiveCfg = Release|Any CPU
		{FCB6D775-098B-419D-B33E-9E4BF966EAB6}.Release|Any CPU.Build.0 = Release|Any CPU
		{2C33C8F9-49D7-4A00-B492-50F00E788A31}.Debug|Any CPU.ActiveCfg = Debug|Any CPU
		{2C33C8F9-49D7-4A00-B492-50F00E788A31}.Debug|Any CPU.Build.0 = Debug|Any CPU
		{2C33C8F9-49D7-4A00-B492-50F00E788A31}.Release|Any CPU.ActiveCfg = Release|Any CPU
		{2C33C8F9-49D7-4A00-B492-50F00E788A31}.Release|Any CPU.Build.0 = Release|Any CPU
		{DCB345BE-3787-419F-8290-988AD87C33A0}.Debug|Any CPU.ActiveCfg = Debug|Any CPU
		{DCB345BE-3787-419F-8290-988AD87C33A0}.Debug|Any CPU.Build.0 = Debug|Any CPU
		{DCB345BE-3787-419F-8290-988AD87C33A0}.Release|Any CPU.ActiveCfg = Release|Any CPU
		{DCB345BE-3787-419F-8290-988AD87C33A0}.Release|Any CPU.Build.0 = Release|Any CPU
		{C2D54998-6CCE-4988-B534-034AAE0A418E}.Debug|Any CPU.ActiveCfg = Debug|Any CPU
		{C2D54998-6CCE-4988-B534-034AAE0A418E}.Debug|Any CPU.Build.0 = Debug|Any CPU
		{C2D54998-6CCE-4988-B534-034AAE0A418E}.Release|Any CPU.ActiveCfg = Release|Any CPU
		{C2D54998-6CCE-4988-B534-034AAE0A418E}.Release|Any CPU.Build.0 = Release|Any CPU
		{7C85E3DA-315E-42E6-9ADC-6AA4B5F3B639}.Debug|Any CPU.ActiveCfg = Debug|Any CPU
		{7C85E3DA-315E-42E6-9ADC-6AA4B5F3B639}.Debug|Any CPU.Build.0 = Debug|Any CPU
		{7C85E3DA-315E-42E6-9ADC-6AA4B5F3B639}.Release|Any CPU.ActiveCfg = Release|Any CPU
		{7C85E3DA-315E-42E6-9ADC-6AA4B5F3B639}.Release|Any CPU.Build.0 = Release|Any CPU
		{FBDBF131-95F1-4B22-A760-5E6FD3B7CFCA}.Debug|Any CPU.ActiveCfg = Debug|Any CPU
		{FBDBF131-95F1-4B22-A760-5E6FD3B7CFCA}.Debug|Any CPU.Build.0 = Debug|Any CPU
		{FBDBF131-95F1-4B22-A760-5E6FD3B7CFCA}.Release|Any CPU.ActiveCfg = Release|Any CPU
		{FBDBF131-95F1-4B22-A760-5E6FD3B7CFCA}.Release|Any CPU.Build.0 = Release|Any CPU
		{4EEB3304-B311-4B1C-A5C7-C1AF4FA4D2B0}.Debug|Any CPU.ActiveCfg = Debug|Any CPU
		{4EEB3304-B311-4B1C-A5C7-C1AF4FA4D2B0}.Debug|Any CPU.Build.0 = Debug|Any CPU
		{4EEB3304-B311-4B1C-A5C7-C1AF4FA4D2B0}.Release|Any CPU.ActiveCfg = Release|Any CPU
		{4EEB3304-B311-4B1C-A5C7-C1AF4FA4D2B0}.Release|Any CPU.Build.0 = Release|Any CPU
		{BA384351-294F-4C73-99E9-A6FA9F742FB6}.Debug|Any CPU.ActiveCfg = Debug|Any CPU
		{BA384351-294F-4C73-99E9-A6FA9F742FB6}.Debug|Any CPU.Build.0 = Debug|Any CPU
		{BA384351-294F-4C73-99E9-A6FA9F742FB6}.Release|Any CPU.ActiveCfg = Release|Any CPU
		{BA384351-294F-4C73-99E9-A6FA9F742FB6}.Release|Any CPU.Build.0 = Release|Any CPU
		{1CFEC8B9-AF20-4357-AB96-1286E86CD586}.Debug|Any CPU.ActiveCfg = Debug|Any CPU
		{1CFEC8B9-AF20-4357-AB96-1286E86CD586}.Debug|Any CPU.Build.0 = Debug|Any CPU
		{1CFEC8B9-AF20-4357-AB96-1286E86CD586}.Release|Any CPU.ActiveCfg = Release|Any CPU
		{1CFEC8B9-AF20-4357-AB96-1286E86CD586}.Release|Any CPU.Build.0 = Release|Any CPU
		{96FC7AF5-74E5-458A-BCF2-EDA28ED1A946}.Debug|Any CPU.ActiveCfg = Debug|Any CPU
		{96FC7AF5-74E5-458A-BCF2-EDA28ED1A946}.Debug|Any CPU.Build.0 = Debug|Any CPU
		{96FC7AF5-74E5-458A-BCF2-EDA28ED1A946}.Release|Any CPU.ActiveCfg = Release|Any CPU
		{96FC7AF5-74E5-458A-BCF2-EDA28ED1A946}.Release|Any CPU.Build.0 = Release|Any CPU
		{A1D7CA45-3CE7-4B46-9A60-18DEA3232A2B}.Debug|Any CPU.ActiveCfg = Debug|Any CPU
		{A1D7CA45-3CE7-4B46-9A60-18DEA3232A2B}.Debug|Any CPU.Build.0 = Debug|Any CPU
		{A1D7CA45-3CE7-4B46-9A60-18DEA3232A2B}.Release|Any CPU.ActiveCfg = Release|Any CPU
		{A1D7CA45-3CE7-4B46-9A60-18DEA3232A2B}.Release|Any CPU.Build.0 = Release|Any CPU
		{27D5CD76-91E0-4553-9747-4CA0E09CCE67}.Debug|Any CPU.ActiveCfg = Debug|Any CPU
		{27D5CD76-91E0-4553-9747-4CA0E09CCE67}.Debug|Any CPU.Build.0 = Debug|Any CPU
		{27D5CD76-91E0-4553-9747-4CA0E09CCE67}.Release|Any CPU.ActiveCfg = Release|Any CPU
		{27D5CD76-91E0-4553-9747-4CA0E09CCE67}.Release|Any CPU.Build.0 = Release|Any CPU
		{F48626C0-92F5-4B3D-ADB1-00CA2F1EBD50}.Debug|Any CPU.ActiveCfg = Debug|Any CPU
		{F48626C0-92F5-4B3D-ADB1-00CA2F1EBD50}.Debug|Any CPU.Build.0 = Debug|Any CPU
		{F48626C0-92F5-4B3D-ADB1-00CA2F1EBD50}.Release|Any CPU.ActiveCfg = Release|Any CPU
		{F48626C0-92F5-4B3D-ADB1-00CA2F1EBD50}.Release|Any CPU.Build.0 = Release|Any CPU
		{F3B3801D-308C-4540-A336-74DF9F602DC5}.Debug|Any CPU.ActiveCfg = Debug|Any CPU
		{F3B3801D-308C-4540-A336-74DF9F602DC5}.Debug|Any CPU.Build.0 = Debug|Any CPU
		{F3B3801D-308C-4540-A336-74DF9F602DC5}.Release|Any CPU.ActiveCfg = Release|Any CPU
		{F3B3801D-308C-4540-A336-74DF9F602DC5}.Release|Any CPU.Build.0 = Release|Any CPU
		{F9A82AB2-3DAE-4598-9A3B-A9D0B3ECFA57}.Debug|Any CPU.ActiveCfg = Debug|Any CPU
		{F9A82AB2-3DAE-4598-9A3B-A9D0B3ECFA57}.Debug|Any CPU.Build.0 = Debug|Any CPU
		{F9A82AB2-3DAE-4598-9A3B-A9D0B3ECFA57}.Release|Any CPU.ActiveCfg = Release|Any CPU
		{F9A82AB2-3DAE-4598-9A3B-A9D0B3ECFA57}.Release|Any CPU.Build.0 = Release|Any CPU
		{A29CD35B-5396-49F2-B2CB-47AB762BE2E6}.Debug|Any CPU.ActiveCfg = Debug|Any CPU
		{A29CD35B-5396-49F2-B2CB-47AB762BE2E6}.Debug|Any CPU.Build.0 = Debug|Any CPU
		{A29CD35B-5396-49F2-B2CB-47AB762BE2E6}.Release|Any CPU.ActiveCfg = Release|Any CPU
		{A29CD35B-5396-49F2-B2CB-47AB762BE2E6}.Release|Any CPU.Build.0 = Release|Any CPU
		{C49D295F-1BB0-4011-9F30-A4B97241DD62}.Debug|Any CPU.ActiveCfg = Debug|Any CPU
		{C49D295F-1BB0-4011-9F30-A4B97241DD62}.Debug|Any CPU.Build.0 = Debug|Any CPU
		{C49D295F-1BB0-4011-9F30-A4B97241DD62}.Release|Any CPU.ActiveCfg = Release|Any CPU
		{C49D295F-1BB0-4011-9F30-A4B97241DD62}.Release|Any CPU.Build.0 = Release|Any CPU
		{CCB0E9EF-F0EB-48E0-ACE2-88688761DD48}.Debug|Any CPU.ActiveCfg = Debug|Any CPU
		{CCB0E9EF-F0EB-48E0-ACE2-88688761DD48}.Debug|Any CPU.Build.0 = Debug|Any CPU
		{CCB0E9EF-F0EB-48E0-ACE2-88688761DD48}.Release|Any CPU.ActiveCfg = Release|Any CPU
		{CCB0E9EF-F0EB-48E0-ACE2-88688761DD48}.Release|Any CPU.Build.0 = Release|Any CPU
		{686B6B9F-31EC-46D5-8DD5-FF38A7588A1E}.Debug|Any CPU.ActiveCfg = Debug|Any CPU
		{686B6B9F-31EC-46D5-8DD5-FF38A7588A1E}.Debug|Any CPU.Build.0 = Debug|Any CPU
		{686B6B9F-31EC-46D5-8DD5-FF38A7588A1E}.Release|Any CPU.ActiveCfg = Release|Any CPU
		{686B6B9F-31EC-46D5-8DD5-FF38A7588A1E}.Release|Any CPU.Build.0 = Release|Any CPU
		{3C08EB9F-F81E-4F32-B122-4E25E1F7AF37}.Debug|Any CPU.ActiveCfg = Debug|Any CPU
		{3C08EB9F-F81E-4F32-B122-4E25E1F7AF37}.Debug|Any CPU.Build.0 = Debug|Any CPU
		{3C08EB9F-F81E-4F32-B122-4E25E1F7AF37}.Release|Any CPU.ActiveCfg = Release|Any CPU
		{3C08EB9F-F81E-4F32-B122-4E25E1F7AF37}.Release|Any CPU.Build.0 = Release|Any CPU
	EndGlobalSection
EndGlobal
